
Microsoft Visual Studio Solution File, Format Version 11.00
# Visual Studio 2010
Project("{8BC9CEB8-8B4A-11D0-8D11-00A0C91BC942}") = "HW3", "HW3\HW3.vcxproj", "{CB7CF3B3-9A98-41F6-B16E-1797E61C21FE}"
EndProject
Global
	GlobalSection(SolutionConfigurationPlatforms) = preSolution
		Debug|Win32 = Debug|Win32
		Release|Win32 = Release|Win32
	EndGlobalSection
	GlobalSection(ProjectConfigurationPlatforms) = postSolution
		{CB7CF3B3-9A98-41F6-B16E-1797E61C21FE}.Debug|Win32.ActiveCfg = Debug|Win32
		{CB7CF3B3-9A98-41F6-B16E-1797E61C21FE}.Debug|Win32.Build.0 = Debug|Win32
		{CB7CF3B3-9A98-41F6-B16E-1797E61C21FE}.Release|Win32.ActiveCfg = Release|Win32
		{CB7CF3B3-9A98-41F6-B16E-1797E61C21FE}.Release|Win32.Build.0 = Release|Win32
	EndGlobalSection
	GlobalSection(SolutionProperties) = preSolution
		HideSolutionNode = FALSE
	EndGlobalSection
EndGlobal
